
Microsoft Visual Studio Solution File, Format Version 12.00
# Visual Studio Version 17
VisualStudioVersion = 17.3.32901.215
MinimumVisualStudioVersion = 10.0.40219.1
Project("{FAE04EC0-301F-11D3-BF4B-00C04F79EFBC}") = "negyedikhet", "negyedikhet\negyedikhet.csproj", "{9AAFE0ED-15F4-4224-A95E-4F754FBD5BC6}"
EndProject
Global
	GlobalSection(SolutionConfigurationPlatforms) = preSolution
		Debug|Any CPU = Debug|Any CPU
		Release|Any CPU = Release|Any CPU
	EndGlobalSection
	GlobalSection(ProjectConfigurationPlatforms) = postSolution
		{9AAFE0ED-15F4-4224-A95E-4F754FBD5BC6}.Debug|Any CPU.ActiveCfg = Debug|Any CPU
		{9AAFE0ED-15F4-4224-A95E-4F754FBD5BC6}.Debug|Any CPU.Build.0 = Debug|Any CPU
		{9AAFE0ED-15F4-4224-A95E-4F754FBD5BC6}.Release|Any CPU.ActiveCfg = Release|Any CPU
		{9AAFE0ED-15F4-4224-A95E-4F754FBD5BC6}.Release|Any CPU.Build.0 = Release|Any CPU
	EndGlobalSection
	GlobalSection(SolutionProperties) = preSolution
		HideSolutionNode = FALSE
	EndGlobalSection
	GlobalSection(ExtensibilityGlobals) = postSolution
		SolutionGuid = {219B083A-6F9F-4CD5-ABA4-C91F8DA1ED73}
	EndGlobalSection
EndGlobal
