
Microsoft Visual Studio Solution File, Format Version 12.00
# Visual Studio Version 17
VisualStudioVersion = 17.3.32901.215
MinimumVisualStudioVersion = 10.0.40219.1
Project("{FAE04EC0-301F-11D3-BF4B-00C04F79EFBC}") = "mintazh2", "mintazh2\mintazh2.csproj", "{AF6B8F13-EBC4-4C51-9F10-A68254F3A787}"
EndProject
Global
	GlobalSection(SolutionConfigurationPlatforms) = preSolution
		Debug|Any CPU = Debug|Any CPU
		Release|Any CPU = Release|Any CPU
	EndGlobalSection
	GlobalSection(ProjectConfigurationPlatforms) = postSolution
		{AF6B8F13-EBC4-4C51-9F10-A68254F3A787}.Debug|Any CPU.ActiveCfg = Debug|Any CPU
		{AF6B8F13-EBC4-4C51-9F10-A68254F3A787}.Debug|Any CPU.Build.0 = Debug|Any CPU
		{AF6B8F13-EBC4-4C51-9F10-A68254F3A787}.Release|Any CPU.ActiveCfg = Release|Any CPU
		{AF6B8F13-EBC4-4C51-9F10-A68254F3A787}.Release|Any CPU.Build.0 = Release|Any CPU
	EndGlobalSection
	GlobalSection(SolutionProperties) = preSolution
		HideSolutionNode = FALSE
	EndGlobalSection
	GlobalSection(ExtensibilityGlobals) = postSolution
		SolutionGuid = {D1AF2D96-9DDD-4653-80F9-1C323F231981}
	EndGlobalSection
EndGlobal
